<Solution>
  <Folder Name="/src/">
    <Project Path="src/BusinessManagement.Domain/BusinessManagement.Domain.csproj" />
    <Project Path="src/BusinessManagement.Shared/BusinessManagement.Shared.csproj" />
    <Project Path="src/BusinessManagement.Application/BusinessManagement.Application.csproj" />
    <Project Path="src/BusinessManagement.Persistence/BusinessManagement.Persistence.csproj" />
    <Project Path="src/BusinessManagement.Infrastructure/BusinessManagement.Infrastructure.csproj" />
    <Project Path="src/BusinessManagement.Web/BusinessManagement.Web.csproj" />
    <Project Path="src/BusinessManagement.Tests/BusinessManagement.Tests.csproj" />
  </Folder>
</Solution>
